# THIS IS AN AUTOGENERATED FILE. DO NOT EDIT THIS FILE DIRECTLY.
# yarn lockfile v1


"@swc/core-android-arm-eabi@1.2.133":
  version "1.2.133"
  resolved "https://registry.yarnpkg.com/@swc/core-android-arm-eabi/-/core-android-arm-eabi-1.2.133.tgz#dea04365897889c6f827ceb544ea241c90f02709"
  integrity sha512-S6gc8Z1zhkDmMRwjeGp5Wf8zE+Vwc5m3weSltUTxbO27r48X6A8R2egM48ci/muPTPA6mOWQTViTFcq/hEgV2w==

"@swc/core-android-arm64@1.2.133":
  version "1.2.133"
  resolved "https://registry.yarnpkg.com/@swc/core-android-arm64/-/core-android-arm64-1.2.133.tgz#9467327193885692d6b9204599bcb16863e3ccab"
  integrity sha512-rlsJ+UCk6QOUVde2l4yeM32R04KbnOM6a2WBw43f5IA8M8PDlWdRNHFE3jiwCIwBoG6MJ+EJE2PPmjxr3iSWvw==

"@swc/core-darwin-arm64@1.2.133":
  version "1.2.133"
  resolved "https://registry.yarnpkg.com/@swc/core-darwin-arm64/-/core-darwin-arm64-1.2.133.tgz#95e6d46a8406c4b09e96eec4a3f0bad270285744"
  integrity sha512-COktqzeii453+JCGwgIM8vs4y4bgbIzY2lvSEYQmxZRVMAkqQVviLqG4cjm9tYHrW0o+9zpw+XTgpdPpkg32Yg==

"@swc/core-darwin-x64@1.2.133":
  version "1.2.133"
  resolved "https://registry.yarnpkg.com/@swc/core-darwin-x64/-/core-darwin-x64-1.2.133.tgz#d40999cb465a160c1226fef42df31c7be1ed4999"
  integrity sha512-H5Hk+qWotdgVQOuQZdSMmIo4KUGxJjfVVBBbKe+TG1Vqyo5SQderc9TUZH8UzMP/tlX83Nzin0FHB+Ui9UhYqA==

"@swc/core-freebsd-x64@1.2.133":
  version "1.2.133"
  resolved "https://registry.yarnpkg.com/@swc/core-freebsd-x64/-/core-freebsd-x64-1.2.133.tgz#0968766e4ff69509ae347e4fed3accb1f1e97c53"
  integrity sha512-eFYkZLyAghY90w7CfwHsQ7/doJ46QSlmMGA9qR9NEuPt9MthM84ZXE6d20BvOid0zeib2o6HdFzfaAkS09/hvA==

"@swc/core-linux-arm-gnueabihf@1.2.133":
  version "1.2.133"
  resolved "https://registry.yarnpkg.com/@swc/core-linux-arm-gnueabihf/-/core-linux-arm-gnueabihf-1.2.133.tgz#fcbefd1783c8fbde44d965ec0fb051387c3c92a9"
  integrity sha512-oB9L0Xs6cfOYUr7Qc8tpPd3IpY3dXIaJZ/OZQqFhIQFzeMZVApaLBeyfX+gwH8d8wgceuPj4HeyZE+IWw2GTJQ==

"@swc/core-linux-arm64-gnu@1.2.133":
  version "1.2.133"
  resolved "https://registry.yarnpkg.com/@swc/core-linux-arm64-gnu/-/core-linux-arm64-gnu-1.2.133.tgz#2d2986824aaf1dd58c4b4e173d6186b7e2073d54"
  integrity sha512-SF0Yviv+9L1ELsn578/TJd44rIhqbGGAD+AgpyJB8YGoFTAFUTnoAhFYNEPOEfbf/IQyWcyHk3vAZ7a2VPRIFg==

"@swc/core-linux-arm64-musl@1.2.133":
  version "1.2.133"
  resolved "https://registry.yarnpkg.com/@swc/core-linux-arm64-musl/-/core-linux-arm64-musl-1.2.133.tgz#9daae6e86b9c692aecdaa6109721a5ff00d114ad"
  integrity sha512-tZiqwz7dTOxnGMwnYguULKl6gNom6CQWXoUyoliksaZA6+uNALO1/PNh/ctzuDbu2Agj4ltsmoevhZlrzC3geA==

"@swc/core-linux-x64-gnu@1.2.133":
  version "1.2.133"
  resolved "https://registry.yarnpkg.com/@swc/core-linux-x64-gnu/-/core-linux-x64-gnu-1.2.133.tgz#77439a67f2e39125b2f6c5c62d70accaf5140323"
  integrity sha512-xXx+/x9y803chUtOqsETvZjimCEiFNcYobsV4wDzlO/E9njrDhmteGcHOv5C6cGSfP6H8tG+hL1JlqJQm+hPSQ==

"@swc/core-linux-x64-musl@1.2.133":
  version "1.2.133"
  resolved "https://registry.yarnpkg.com/@swc/core-linux-x64-musl/-/core-linux-x64-musl-1.2.133.tgz#f37122c608d9392a3dbda4189e1d68db46f49614"
  integrity sha512-LnLY5MnwG/L7U+FC/k5LU4K7h+kz5/fo8DC507BncSZj5LLxT9ohhCxO+iUp7qKGw+UQFgSUgUinh1I8FfV6cQ==

"@swc/core-win32-arm64-msvc@1.2.133":
  version "1.2.133"
  resolved "https://registry.yarnpkg.com/@swc/core-win32-arm64-msvc/-/core-win32-arm64-msvc-1.2.133.tgz#322ea6234182005a81a2b3e64d3e35273057bd8c"
  integrity sha512-Fk4D8v56TOhoP5lRFSoZqWXt8enCdHGbZsSIdz7DSjQyS/VeePXdoZI8vmWUcuy2OSquQ4hpS2o1v3wVSREWiw==

"@swc/core-win32-ia32-msvc@1.2.133":
  version "1.2.133"
  resolved "https://registry.yarnpkg.com/@swc/core-win32-ia32-msvc/-/core-win32-ia32-msvc-1.2.133.tgz#b9766f17821ce3ae7010577174df2549f92a8a07"
  integrity sha512-Sf9UmXSPFr7308OSDfIIU0iLRfzilWlnVfVzUfWLd02Z9t5awBxNYCAZrXxny4FUvTDK9qL+/uY378bFH6tYiw==

"@swc/core-win32-x64-msvc@1.2.133":
  version "1.2.133"
  resolved "https://registry.yarnpkg.com/@swc/core-win32-x64-msvc/-/core-win32-x64-msvc-1.2.133.tgz#5afc09724bac622e6f40ce6cd5e901e1458aad98"
  integrity sha512-nXZJihzwUjzzF78ipPp+uUWmLQtbFzuR5eADNk1MsnHgWflKaL5OXNVz5c8+qyTl5/c3/W1b4GSevFOfEuApxw==

"@swc/core@^1.2.133":
  version "1.2.133"
  resolved "https://registry.yarnpkg.com/@swc/core/-/core-1.2.133.tgz#2d0654b2135ea822e2933c02e150563165bdefff"
  integrity sha512-bXrGSrNK9O6Q5dHSazhAVvcGqxSy6ffAIeGSnweHM2cq0Gsrv0Admrj79ERH0dzsubxy4EnY8A0oHj3pEVmL0g==
  optionalDependencies:
    "@swc/core-android-arm-eabi" "1.2.133"
    "@swc/core-android-arm64" "1.2.133"
    "@swc/core-darwin-arm64" "1.2.133"
    "@swc/core-darwin-x64" "1.2.133"
    "@swc/core-freebsd-x64" "1.2.133"
    "@swc/core-linux-arm-gnueabihf" "1.2.133"
    "@swc/core-linux-arm64-gnu" "1.2.133"
    "@swc/core-linux-arm64-musl" "1.2.133"
    "@swc/core-linux-x64-gnu" "1.2.133"
    "@swc/core-linux-x64-musl" "1.2.133"
    "@swc/core-win32-arm64-msvc" "1.2.133"
    "@swc/core-win32-ia32-msvc" "1.2.133"
    "@swc/core-win32-x64-msvc" "1.2.133"
